
Microsoft Visual Studio Solution File, Format Version 12.00
# Visual Studio Version 18
VisualStudioVersion = 18.3.11505.172 d18.3
MinimumVisualStudioVersion = 10.0.40219.1
Project("{FAE04EC0-301F-11D3-BF4B-00C04F79EFBC}") = "TensionDev.UUID.Serialization.SystemTextJson", "TensionDev.UUID.Serialization.SystemTextJson\TensionDev.UUID.Serialization.SystemTextJson.csproj", "{40C7D986-0424-4923-868C-21353C49D32F}"
EndProject
Global
	GlobalSection(SolutionConfigurationPlatforms) = preSolution
		Debug|Any CPU = Debug|Any CPU
		Release|Any CPU = Release|Any CPU
	EndGlobalSection
	GlobalSection(ProjectConfigurationPlatforms) = postSolution
		{40C7D986-0424-4923-868C-21353C49D32F}.Debug|Any CPU.ActiveCfg = Debug|Any CPU
		{40C7D986-0424-4923-868C-21353C49D32F}.Debug|Any CPU.Build.0 = Debug|Any CPU
		{40C7D986-0424-4923-868C-21353C49D32F}.Release|Any CPU.ActiveCfg = Release|Any CPU
		{40C7D986-0424-4923-868C-21353C49D32F}.Release|Any CPU.Build.0 = Release|Any CPU
	EndGlobalSection
	GlobalSection(SolutionProperties) = preSolution
		HideSolutionNode = FALSE
	EndGlobalSection
	GlobalSection(ExtensibilityGlobals) = postSolution
		SolutionGuid = {B58B5875-7AF7-44CA-9B8C-424B9210E862}
	EndGlobalSection
EndGlobal
